// !$*UTF8*$!
{
	archiveVersion = 1;
	classes = {
	};
	objectVersion = 56;
	objects = {

/* Begin PBXBuildFile section */
		9E8DCE272A7CBCF800BA6754 /* AppDelegate.swift in Sources */ = {isa = PBXBuildFile; fileRef = 9E8DCE262A7CBCF800BA6754 /* AppDelegate.swift */; };
		9E8DCE292A7CBCF800BA6754 /* SceneDelegate.swift in Sources */ = {isa = PBXBuildFile; fileRef = 9E8DCE282A7CBCF800BA6754 /* SceneDelegate.swift */; };
		9E8DCE2B2A7CBCF800BA6754 /* ViewController.swift in Sources */ = {isa = PBXBuildFile; fileRef = 9E8DCE2A2A7CBCF800BA6754 /* ViewController.swift */; };
		9E8DCE2E2A7CBCF800BA6754 /* Main.storyboard in Resources */ = {isa = PBXBuildFile; fileRef = 9E8DCE2C2A7CBCF800BA6754 /* Main.storyboard */; };
		9E8DCE302A7CBCF900BA6754 /* Assets.xcassets in Resources */ = {isa = PBXBuildFile; fileRef = 9E8DCE2F2A7CBCF900BA6754 /* Assets.xcassets */; };
		9E8DCE332A7CBCF900BA6754 /* LaunchScreen.storyboard in Resources */ = {isa = PBXBuildFile; fileRef = 9E8DCE312A7CBCF900BA6754 /* LaunchScreen.storyboard */; };
		9E8DCE3C2A7CD36800BA6754 /* KeychainWrapper.swift in Sources */ = {isa = PBXBuildFile; fileRef = 9E8DCE3A2A7CD36800BA6754 /* KeychainWrapper.swift */; };
		9E8DCE3D2A7CD36800BA6754 /* KeychainItemAccessibility.swift in Sources */ = {isa = PBXBuildFile; fileRef = 9E8DCE3B2A7CD36800BA6754 /* KeychainItemAccessibility.swift */; };
/* End PBXBuildFile section */

/* Begin PBXFileReference section */
		9E8DCE232A7CBCF800BA6754 /* Project28-iOSKeyChain.app */ = {isa = PBXFileReference; explicitFileType = wrapper.application; includeInIndex = 0; path = "Project28-iOSKeyChain.app"; sourceTree = BUILT_PRODUCTS_DIR; };
		9E8DCE262A7CBCF800BA6754 /* AppDelegate.swift */ = {isa = PBXFileReference; lastKnownFileType = sourcecode.swift; path = AppDelegate.swift; sourceTree = "<group>"; };
		9E8DCE282A7CBCF800BA6754 /* SceneDelegate.swift */ = {isa = PBXFileReference; lastKnownFileType = sourcecode.swift; path = SceneDelegate.swift; sourceTree = "<group>"; };
		9E8DCE2A2A7CBCF800BA6754 /* ViewController.swift */ = {isa = PBXFileReference; lastKnownFileType = sourcecode.swift; path = ViewController.swift; sourceTree = "<group>"; };
		9E8DCE2D2A7CBCF800BA6754 /* Base */ = {isa = PBXFileReference; lastKnownFileType = file.storyboard; name = Base; path = Base.lproj/Main.storyboard; sourceTree = "<group>"; };
		9E8DCE2F2A7CBCF900BA6754 /* Assets.xcassets */ = {isa = PBXFileReference; lastKnownFileType = folder.assetcatalog; path = Assets.xcassets; sourceTree = "<group>"; };
		9E8DCE322A7CBCF900BA6754 /* Base */ = {isa = PBXFileReference; lastKnownFileType = file.storyboard; name = Base; path = Base.lproj/LaunchScreen.storyboard; sourceTree = "<group>"; };
		9E8DCE342A7CBCF900BA6754 /* Info.plist */ = {isa = PBXFileReference; lastKnownFileType = text.plist.xml; path = Info.plist; sourceTree = "<group>"; };
		9E8DCE3A2A7CD36800BA6754 /* KeychainWrapper.swift */ = {isa = PBXFileReference; fileEncoding = 4; lastKnownFileType = sourcecode.swift; name = KeychainWrapper.swift; path = "../../files/Classic/project28-files/KeychainWrapper.swift"; sourceTree = "<group>"; };
		9E8DCE3B2A7CD36800BA6754 /* KeychainItemAccessibility.swift */ = {isa = PBXFileReference; fileEncoding = 4; lastKnownFileType = sourcecode.swift; name = KeychainItemAccessibility.swift; path = "../../files/Classic/project28-files/KeychainItemAccessibility.swift"; sourceTree = "<group>"; };
/* End PBXFileReference section */

/* Begin PBXFrameworksBuildPhase section */
		9E8DCE202A7CBCF800BA6754 /* Frameworks */ = {
			isa = PBXFrameworksBuildPhase;
			buildActionMask = 2147483647;
			files = (
			);
			runOnlyForDeploymentPostprocessing = 0;
		};
/* End PBXFrameworksBuildPhase section */

/* Begin PBXGroup section */
		9E8DCE1A2A7CBCF800BA6754 = {
			isa = PBXGroup;
			children = (
				9E8DCE252A7CBCF800BA6754 /* Project28-iOSKeyChain */,
				9E8DCE242A7CBCF800BA6754 /* Products */,
			);
			sourceTree = "<group>";
		};
		9E8DCE242A7CBCF800BA6754 /* Products */ = {
			isa = PBXGroup;
			children = (
				9E8DCE232A7CBCF800BA6754 /* Project28-iOSKeyChain.app */,
			);
			name = Products;
			sourceTree = "<group>";
		};
		9E8DCE252A7CBCF800BA6754 /* Project28-iOSKeyChain */ = {
			isa = PBXGroup;
			children = (
				9E8DCE262A7CBCF800BA6754 /* AppDelegate.swift */,
				9E8DCE282A7CBCF800BA6754 /* SceneDelegate.swift */,
				9E8DCE2A2A7CBCF800BA6754 /* ViewController.swift */,
				9E8DCE2C2A7CBCF800BA6754 /* Main.storyboard */,
				9E8DCE2F2A7CBCF900BA6754 /* Assets.xcassets */,
				9E8DCE312A7CBCF900BA6754 /* LaunchScreen.storyboard */,
				9E8DCE342A7CBCF900BA6754 /* Info.plist */,
				9E8DCE3B2A7CD36800BA6754 /* KeychainItemAccessibility.swift */,
				9E8DCE3A2A7CD36800BA6754 /* KeychainWrapper.swift */,
			);
			path = "Project28-iOSKeyChain";
			sourceTree = "<group>";
		};
/* End PBXGroup section */

/* Begin PBXNativeTarget section */
		9E8DCE222A7CBCF800BA6754 /* Project28-iOSKeyChain */ = {
			isa = PBXNativeTarget;
			buildConfigurationList = 9E8DCE372A7CBCF900BA6754 /* Build configuration list for PBXNativeTarget "Project28-iOSKeyChain" */;
			buildPhases = (
				9E8DCE1F2A7CBCF800BA6754 /* Sources */,
				9E8DCE202A7CBCF800BA6754 /* Frameworks */,
				9E8DCE212A7CBCF800BA6754 /* Resources */,
			);
			buildRules = (
			);
			dependencies = (
			);
			name = "Project28-iOSKeyChain";
			productName = "Project28-iOSKeyChain";
			productReference = 9E8DCE232A7CBCF800BA6754 /* Project28-iOSKeyChain.app */;
			productType = "com.apple.product-type.application";
		};
/* End PBXNativeTarget section */

/* Begin PBXProject section */
		9E8DCE1B2A7CBCF800BA6754 /* Project object */ = {
			isa = PBXProject;
			attributes = {
				BuildIndependentTargetsInParallel = 1;
				LastSwiftUpdateCheck = 1430;
				LastUpgradeCheck = 1430;
				TargetAttributes = {
					9E8DCE222A7CBCF800BA6754 = {
						CreatedOnToolsVersion = 14.3.1;
					};
				};
			};
			buildConfigurationList = 9E8DCE1E2A7CBCF800BA6754 /* Build configuration list for PBXProject "Project28-iOSKeyChain" */;
			compatibilityVersion = "Xcode 14.0";
			developmentRegion = en;
			hasScannedForEncodings = 0;
			knownRegions = (
				en,
				Base,
			);
			mainGroup = 9E8DCE1A2A7CBCF800BA6754;
			productRefGroup = 9E8DCE242A7CBCF800BA6754 /* Products */;
			projectDirPath = "";
			projectRoot = "";
			targets = (
				9E8DCE222A7CBCF800BA6754 /* Project28-iOSKeyChain */,
			);
		};
/* End PBXProject section */

/* Begin PBXResourcesBuildPhase section */
		9E8DCE212A7CBCF800BA6754 /* Resources */ = {
			isa = PBXResourcesBuildPhase;
			buildActionMask = 2147483647;
			files = (
				9E8DCE332A7CBCF900BA6754 /* LaunchScreen.storyboard in Resources */,
				9E8DCE302A7CBCF900BA6754 /* Assets.xcassets in Resources */,
				9E8DCE2E2A7CBCF800BA6754 /* Main.storyboard in Resources */,
			);
			runOnlyForDeploymentPostprocessing = 0;
		};
/* End PBXResourcesBuildPhase section */

/* Begin PBXSourcesBuildPhase section */
		9E8DCE1F2A7CBCF800BA6754 /* Sources */ = {
			isa = PBXSourcesBuildPhase;
			buildActionMask = 2147483647;
			files = (
				9E8DCE2B2A7CBCF800BA6754 /* ViewController.swift in Sources */,
				9E8DCE3C2A7CD36800BA6754 /* KeychainWrapper.swift in Sources */,
				9E8DCE272A7CBCF800BA6754 /* AppDelegate.swift in Sources */,
				9E8DCE3D2A7CD36800BA6754 /* KeychainItemAccessibility.swift in Sources */,
				9E8DCE292A7CBCF800BA6754 /* SceneDelegate.swift in Sources */,
			);
			runOnlyForDeploymentPostprocessing = 0;
		};
/* End PBXSourcesBuildPhase section */

/* Begin PBXVariantGroup section */
		9E8DCE2C2A7CBCF800BA6754 /* Main.storyboard */ = {
			isa = PBXVariantGroup;
			children = (
				9E8DCE2D2A7CBCF800BA6754 /* Base */,
			);
			name = Main.storyboard;
			sourceTree = "<group>";
		};
		9E8DCE312A7CBCF900BA6754 /* LaunchScreen.storyboard */ = {
			isa = PBXVariantGroup;
			children = (
				9E8DCE322A7CBCF900BA6754 /* Base */,
			);
			name = LaunchScreen.storyboard;
			sourceTree = "<group>";
		};
/* End PBXVariantGroup section */

/* Begin XCBuildConfiguration section */
		9E8DCE352A7CBCF900BA6754 /* Debug */ = {
			isa = XCBuildConfiguration;
			buildSettings = {
				ALWAYS_SEARCH_USER_PATHS = NO;
				CLANG_ANALYZER_NONNULL = YES;
				CLANG_ANALYZER_NUMBER_OBJECT_CONVERSION = YES_AGGRESSIVE;
				CLANG_CXX_LANGUAGE_STANDARD = "gnu++20";
				CLANG_ENABLE_MODULES = YES;
				CLANG_ENABLE_OBJC_ARC = YES;
				CLANG_ENABLE_OBJC_WEAK = YES;
				CLANG_WARN_BLOCK_CAPTURE_AUTORELEASING = YES;
				CLANG_WARN_BOOL_CONVERSION = YES;
				CLANG_WARN_COMMA = YES;
				CLANG_WARN_CONSTANT_CONVERSION = YES;
				CLANG_WARN_DEPRECATED_OBJC_IMPLEMENTATIONS = YES;
				CLANG_WARN_DIRECT_OBJC_ISA_USAGE = YES_ERROR;
				CLANG_WARN_DOCUMENTATION_COMMENTS = YES;
				CLANG_WARN_EMPTY_BODY = YES;
				CLANG_WARN_ENUM_CONVERSION = YES;
				CLANG_WARN_INFINITE_RECURSION = YES;
				CLANG_WARN_INT_CONVERSION = YES;
				CLANG_WARN_NON_LITERAL_NULL_CONVERSION = YES;
				CLANG_WARN_OBJC_IMPLICIT_RETAIN_SELF = YES;
				CLANG_WARN_OBJC_LITERAL_CONVERSION = YES;
				CLANG_WARN_OBJC_ROOT_CLASS = YES_ERROR;
				CLANG_WARN_QUOTED_INCLUDE_IN_FRAMEWORK_HEADER = YES;
				CLANG_WARN_RANGE_LOOP_ANALYSIS = YES;
				CLANG_WARN_STRICT_PROTOTYPES = YES;
				CLANG_WARN_SUSPICIOUS_MOVE = YES;
				CLANG_WARN_UNGUARDED_AVAILABILITY = YES_AGGRESSIVE;
				CLANG_WARN_UNREACHABLE_CODE = YES;
				CLANG_WARN__DUPLICATE_METHOD_MATCH = YES;
				COPY_PHASE_STRIP = NO;
				DEBUG_INFORMATION_FORMAT = dwarf;
				ENABLE_STRICT_OBJC_MSGSEND = YES;
				ENABLE_TESTABILITY = YES;
				GCC_C_LANGUAGE_STANDARD = gnu11;
				GCC_DYNAMIC_NO_PIC = NO;
				GCC_NO_COMMON_BLOCKS = YES;
				GCC_OPTIMIZATION_LEVEL = 0;
				GCC_PREPROCESSOR_DEFINITIONS = (
					"DEBUG=1",
					"$(inherited)",
				);
				GCC_WARN_64_TO_32_BIT_CONVERSION = YES;
				GCC_WARN_ABOUT_RETURN_TYPE = YES_ERROR;
				GCC_WARN_UNDECLARED_SELECTOR = YES;
				GCC_WARN_UNINITIALIZED_AUTOS = YES_AGGRESSIVE;
				GCC_WARN_UNUSED_FUNCTION = YES;
				GCC_WARN_UNUSED_VARIABLE = YES;
				IPHONEOS_DEPLOYMENT_TARGET = 16.4;
				MTL_ENABLE_DEBUG_INFO = INCLUDE_SOURCE;
				MTL_FAST_MATH = YES;
				ONLY_ACTIVE_ARCH = YES;
				SDKROOT = iphoneos;
				SWIFT_ACTIVE_COMPILATION_CONDITIONS = DEBUG;
				SWIFT_OPTIMIZATION_LEVEL = "-Onone";
			};
			name = Debug;
		};
		9E8DCE362A7CBCF900BA6754 /* Release */ = {
			isa = XCBuildConfiguration;
			buildSettings = {
				ALWAYS_SEARCH_USER_PATHS = NO;
				CLANG_ANALYZER_NONNULL = YES;
				CLANG_ANALYZER_NUMBER_OBJECT_CONVERSION = YES_AGGRESSIVE;
				CLANG_CXX_LANGUAGE_STANDARD = "gnu++20";
				CLANG_ENABLE_MODULES = YES;
				CLANG_ENABLE_OBJC_ARC = YES;
				CLANG_ENABLE_OBJC_WEAK = YES;
				CLANG_WARN_BLOCK_CAPTURE_AUTORELEASING = YES;
				CLANG_WARN_BOOL_CONVERSION = YES;
				CLANG_WARN_COMMA = YES;
				CLANG_WARN_CONSTANT_CONVERSION = YES;
				CLANG_WARN_DEPRECATED_OBJC_IMPLEMENTATIONS = YES;
				CLANG_WARN_DIRECT_OBJC_ISA_USAGE = YES_ERROR;
				CLANG_WARN_DOCUMENTATION_COMMENTS = YES;
				CLANG_WARN_EMPTY_BODY = YES;
				CLANG_WARN_ENUM_CONVERSION = YES;
				CLANG_WARN_INFINITE_RECURSION = YES;
				CLANG_WARN_INT_CONVERSION = YES;
				CLANG_WARN_NON_LITERAL_NULL_CONVERSION = YES;
				CLANG_WARN_OBJC_IMPLICIT_RETAIN_SELF = YES;
				CLANG_WARN_OBJC_LITERAL_CONVERSION = YES;
				CLANG_WARN_OBJC_ROOT_CLASS = YES_ERROR;
				CLANG_WARN_QUOTED_INCLUDE_IN_FRAMEWORK_HEADER = YES;
				CLANG_WARN_RANGE_LOOP_ANALYSIS = YES;
				CLANG_WARN_STRICT_PROTOTYPES = YES;
				CLANG_WARN_SUSPICIOUS_MOVE = YES;
				CLANG_WARN_UNGUARDED_AVAILABILITY = YES_AGGRESSIVE;
				CLANG_WARN_UNREACHABLE_CODE = YES;
				CLANG_WARN__DUPLICATE_METHOD_MATCH = YES;
				COPY_PHASE_STRIP = NO;
				DEBUG_INFORMATION_FORMAT = "dwarf-with-dsym";
				ENABLE_NS_ASSERTIONS = NO;
				ENABLE_STRICT_OBJC_MSGSEND = YES;
				GCC_C_LANGUAGE_STANDARD = gnu11;
				GCC_NO_COMMON_BLOCKS = YES;
				GCC_WARN_64_TO_32_BIT_CONVERSION = YES;
				GCC_WARN_ABOUT_RETURN_TYPE = YES_ERROR;
				GCC_WARN_UNDECLARED_SELECTOR = YES;
				GCC_WARN_UNINITIALIZED_AUTOS = YES_AGGRESSIVE;
				GCC_WARN_UNUSED_FUNCTION = YES;
				GCC_WARN_UNUSED_VARIABLE = YES;
				IPHONEOS_DEPLOYMENT_TARGET = 16.4;
				MTL_ENABLE_DEBUG_INFO = NO;
				MTL_FAST_MATH = YES;
				SDKROOT = iphoneos;
				SWIFT_COMPILATION_MODE = wholemodule;
				SWIFT_OPTIMIZATION_LEVEL = "-O";
				VALIDATE_PRODUCT = YES;
			};
			name = Release;
		};
		9E8DCE382A7CBCF900BA6754 /* Debug */ = {
			isa = XCBuildConfiguration;
			buildSettings = {
				ASSETCATALOG_COMPILER_APPICON_NAME = AppIcon;
				ASSETCATALOG_COMPILER_GLOBAL_ACCENT_COLOR_NAME = AccentColor;
				CODE_SIGN_STYLE = Automatic;
				CURRENT_PROJECT_VERSION = 1;
				DEVELOPMENT_TEAM = KFKP37Q73C;
				GENERATE_INFOPLIST_FILE = YES;
				INFOPLIST_FILE = "Project28-iOSKeyChain/Info.plist";
				INFOPLIST_KEY_UIApplicationSupportsIndirectInputEvents = YES;
				INFOPLIST_KEY_UILaunchStoryboardName = LaunchScreen;
				INFOPLIST_KEY_UIMainStoryboardFile = Main;
				INFOPLIST_KEY_UISupportedInterfaceOrientations_iPad = "UIInterfaceOrientationPortrait UIInterfaceOrientationPortraitUpsideDown UIInterfaceOrientationLandscapeLeft UIInterfaceOrientationLandscapeRight";
				INFOPLIST_KEY_UISupportedInterfaceOrientations_iPhone = "UIInterfaceOrientationPortrait UIInterfaceOrientationLandscapeLeft UIInterfaceOrientationLandscapeRight";
				LD_RUNPATH_SEARCH_PATHS = (
					"$(inherited)",
					"@executable_path/Frameworks",
				);
				MARKETING_VERSION = 1.0;
				PRODUCT_BUNDLE_IDENTIFIER = "co.khenbo.Project28-iOSKeyChain";
				PRODUCT_NAME = "$(TARGET_NAME)";
				SWIFT_EMIT_LOC_STRINGS = YES;
				SWIFT_VERSION = 5.0;
				TARGETED_DEVICE_FAMILY = "1,2";
			};
			name = Debug;
		};
		9E8DCE392A7CBCF900BA6754 /* Release */ = {
			isa = XCBuildConfiguration;
			buildSettings = {
				ASSETCATALOG_COMPILER_APPICON_NAME = AppIcon;
				ASSETCATALOG_COMPILER_GLOBAL_ACCENT_COLOR_NAME = AccentColor;
				CODE_SIGN_STYLE = Automatic;
				CURRENT_PROJECT_VERSION = 1;
				DEVELOPMENT_TEAM = KFKP37Q73C;
				GENERATE_INFOPLIST_FILE = YES;
				INFOPLIST_FILE = "Project28-iOSKeyChain/Info.plist";
				INFOPLIST_KEY_UIApplicationSupportsIndirectInputEvents = YES;
				INFOPLIST_KEY_UILaunchStoryboardName = LaunchScreen;
				INFOPLIST_KEY_UIMainStoryboardFile = Main;
				INFOPLIST_KEY_UISupportedInterfaceOrientations_iPad = "UIInterfaceOrientationPortrait UIInterfaceOrientationPortraitUpsideDown UIInterfaceOrientationLandscapeLeft UIInterfaceOrientationLandscapeRight";
				INFOPLIST_KEY_UISupportedInterfaceOrientations_iPhone = "UIInterfaceOrientationPortrait UIInterfaceOrientationLandscapeLeft UIInterfaceOrientationLandscapeRight";
				LD_RUNPATH_SEARCH_PATHS = (
					"$(inherited)",
					"@executable_path/Frameworks",
				);
				MARKETING_VERSION = 1.0;
				PRODUCT_BUNDLE_IDENTIFIER = "co.khenbo.Project28-iOSKeyChain";
				PRODUCT_NAME = "$(TARGET_NAME)";
				SWIFT_EMIT_LOC_STRINGS = YES;
				SWIFT_VERSION = 5.0;
				TARGETED_DEVICE_FAMILY = "1,2";
			};
			name = Release;
		};
/* End XCBuildConfiguration section */

/* Begin XCConfigurationList section */
		9E8DCE1E2A7CBCF800BA6754 /* Build configuration list for PBXProject "Project28-iOSKeyChain" */ = {
			isa = XCConfigurationList;
			buildConfigurations = (
				9E8DCE352A7CBCF900BA6754 /* Debug */,
				9E8DCE362A7CBCF900BA6754 /* Release */,
			);
			defaultConfigurationIsVisible = 0;
			defaultConfigurationName = Release;
		};
		9E8DCE372A7CBCF900BA6754 /* Build configuration list for PBXNativeTarget "Project28-iOSKeyChain" */ = {
			isa = XCConfigurationList;
			buildConfigurations = (
				9E8DCE382A7CBCF900BA6754 /* Debug */,
				9E8DCE392A7CBCF900BA6754 /* Release */,
			);
			defaultConfigurationIsVisible = 0;
			defaultConfigurationName = Release;
		};
/* End XCConfigurationList section */
	};
	rootObject = 9E8DCE1B2A7CBCF800BA6754 /* Project object */;
}
