// !$*UTF8*$!
{
	archiveVersion = 1;
	classes = {
	};
	objectVersion = 56;
	objects = {

/* Begin PBXBuildFile section */
		9E0509AC2A5AEF3500E35E4B /* WikiViewController.swift in Sources */ = {isa = PBXBuildFile; fileRef = 9E0509AB2A5AEF3500E35E4B /* WikiViewController.swift */; };
		9EBE40C12A595B3A00A5AA9A /* AppDelegate.swift in Sources */ = {isa = PBXBuildFile; fileRef = 9EBE40C02A595B3A00A5AA9A /* AppDelegate.swift */; };
		9EBE40C32A595B3A00A5AA9A /* SceneDelegate.swift in Sources */ = {isa = PBXBuildFile; fileRef = 9EBE40C22A595B3A00A5AA9A /* SceneDelegate.swift */; };
		9EBE40C52A595B3A00A5AA9A /* ViewController.swift in Sources */ = {isa = PBXBuildFile; fileRef = 9EBE40C42A595B3A00A5AA9A /* ViewController.swift */; };
		9EBE40C82A595B3A00A5AA9A /* Main.storyboard in Resources */ = {isa = PBXBuildFile; fileRef = 9EBE40C62A595B3A00A5AA9A /* Main.storyboard */; };
		9EBE40CA2A595B3B00A5AA9A /* Assets.xcassets in Resources */ = {isa = PBXBuildFile; fileRef = 9EBE40C92A595B3B00A5AA9A /* Assets.xcassets */; };
		9EBE40CD2A595B3B00A5AA9A /* LaunchScreen.storyboard in Resources */ = {isa = PBXBuildFile; fileRef = 9EBE40CB2A595B3B00A5AA9A /* LaunchScreen.storyboard */; };
		9EBE40D52A595FEA00A5AA9A /* Capital.swift in Sources */ = {isa = PBXBuildFile; fileRef = 9EBE40D42A595FEA00A5AA9A /* Capital.swift */; };
/* End PBXBuildFile section */

/* Begin PBXFileReference section */
		9E0509AB2A5AEF3500E35E4B /* WikiViewController.swift */ = {isa = PBXFileReference; lastKnownFileType = sourcecode.swift; path = WikiViewController.swift; sourceTree = "<group>"; };
		9EBE40BD2A595B3A00A5AA9A /* Project16-MapKit.app */ = {isa = PBXFileReference; explicitFileType = wrapper.application; includeInIndex = 0; path = "Project16-MapKit.app"; sourceTree = BUILT_PRODUCTS_DIR; };
		9EBE40C02A595B3A00A5AA9A /* AppDelegate.swift */ = {isa = PBXFileReference; lastKnownFileType = sourcecode.swift; path = AppDelegate.swift; sourceTree = "<group>"; };
		9EBE40C22A595B3A00A5AA9A /* SceneDelegate.swift */ = {isa = PBXFileReference; lastKnownFileType = sourcecode.swift; path = SceneDelegate.swift; sourceTree = "<group>"; };
		9EBE40C42A595B3A00A5AA9A /* ViewController.swift */ = {isa = PBXFileReference; lastKnownFileType = sourcecode.swift; path = ViewController.swift; sourceTree = "<group>"; };
		9EBE40C72A595B3A00A5AA9A /* Base */ = {isa = PBXFileReference; lastKnownFileType = file.storyboard; name = Base; path = Base.lproj/Main.storyboard; sourceTree = "<group>"; };
		9EBE40C92A595B3B00A5AA9A /* Assets.xcassets */ = {isa = PBXFileReference; lastKnownFileType = folder.assetcatalog; path = Assets.xcassets; sourceTree = "<group>"; };
		9EBE40CC2A595B3B00A5AA9A /* Base */ = {isa = PBXFileReference; lastKnownFileType = file.storyboard; name = Base; path = Base.lproj/LaunchScreen.storyboard; sourceTree = "<group>"; };
		9EBE40CE2A595B3B00A5AA9A /* Info.plist */ = {isa = PBXFileReference; lastKnownFileType = text.plist.xml; path = Info.plist; sourceTree = "<group>"; };
		9EBE40D42A595FEA00A5AA9A /* Capital.swift */ = {isa = PBXFileReference; lastKnownFileType = sourcecode.swift; path = Capital.swift; sourceTree = "<group>"; };
/* End PBXFileReference section */

/* Begin PBXFrameworksBuildPhase section */
		9EBE40BA2A595B3A00A5AA9A /* Frameworks */ = {
			isa = PBXFrameworksBuildPhase;
			buildActionMask = 2147483647;
			files = (
			);
			runOnlyForDeploymentPostprocessing = 0;
		};
/* End PBXFrameworksBuildPhase section */

/* Begin PBXGroup section */
		9EBE40B42A595B3A00A5AA9A = {
			isa = PBXGroup;
			children = (
				9EBE40BF2A595B3A00A5AA9A /* Project16-MapKit */,
				9EBE40BE2A595B3A00A5AA9A /* Products */,
			);
			sourceTree = "<group>";
		};
		9EBE40BE2A595B3A00A5AA9A /* Products */ = {
			isa = PBXGroup;
			children = (
				9EBE40BD2A595B3A00A5AA9A /* Project16-MapKit.app */,
			);
			name = Products;
			sourceTree = "<group>";
		};
		9EBE40BF2A595B3A00A5AA9A /* Project16-MapKit */ = {
			isa = PBXGroup;
			children = (
				9EBE40C02A595B3A00A5AA9A /* AppDelegate.swift */,
				9EBE40C22A595B3A00A5AA9A /* SceneDelegate.swift */,
				9EBE40C42A595B3A00A5AA9A /* ViewController.swift */,
				9EBE40D42A595FEA00A5AA9A /* Capital.swift */,
				9EBE40C62A595B3A00A5AA9A /* Main.storyboard */,
				9E0509AB2A5AEF3500E35E4B /* WikiViewController.swift */,
				9EBE40C92A595B3B00A5AA9A /* Assets.xcassets */,
				9EBE40CB2A595B3B00A5AA9A /* LaunchScreen.storyboard */,
				9EBE40CE2A595B3B00A5AA9A /* Info.plist */,
			);
			path = "Project16-MapKit";
			sourceTree = "<group>";
		};
/* End PBXGroup section */

/* Begin PBXNativeTarget section */
		9EBE40BC2A595B3A00A5AA9A /* Project16-MapKit */ = {
			isa = PBXNativeTarget;
			buildConfigurationList = 9EBE40D12A595B3B00A5AA9A /* Build configuration list for PBXNativeTarget "Project16-MapKit" */;
			buildPhases = (
				9EBE40B92A595B3A00A5AA9A /* Sources */,
				9EBE40BA2A595B3A00A5AA9A /* Frameworks */,
				9EBE40BB2A595B3A00A5AA9A /* Resources */,
			);
			buildRules = (
			);
			dependencies = (
			);
			name = "Project16-MapKit";
			productName = "Project16-MapKit";
			productReference = 9EBE40BD2A595B3A00A5AA9A /* Project16-MapKit.app */;
			productType = "com.apple.product-type.application";
		};
/* End PBXNativeTarget section */

/* Begin PBXProject section */
		9EBE40B52A595B3A00A5AA9A /* Project object */ = {
			isa = PBXProject;
			attributes = {
				BuildIndependentTargetsInParallel = 1;
				LastSwiftUpdateCheck = 1430;
				LastUpgradeCheck = 1430;
				TargetAttributes = {
					9EBE40BC2A595B3A00A5AA9A = {
						CreatedOnToolsVersion = 14.3.1;
					};
				};
			};
			buildConfigurationList = 9EBE40B82A595B3A00A5AA9A /* Build configuration list for PBXProject "Project16-MapKit" */;
			compatibilityVersion = "Xcode 14.0";
			developmentRegion = en;
			hasScannedForEncodings = 0;
			knownRegions = (
				en,
				Base,
			);
			mainGroup = 9EBE40B42A595B3A00A5AA9A;
			productRefGroup = 9EBE40BE2A595B3A00A5AA9A /* Products */;
			projectDirPath = "";
			projectRoot = "";
			targets = (
				9EBE40BC2A595B3A00A5AA9A /* Project16-MapKit */,
			);
		};
/* End PBXProject section */

/* Begin PBXResourcesBuildPhase section */
		9EBE40BB2A595B3A00A5AA9A /* Resources */ = {
			isa = PBXResourcesBuildPhase;
			buildActionMask = 2147483647;
			files = (
				9EBE40CD2A595B3B00A5AA9A /* LaunchScreen.storyboard in Resources */,
				9EBE40CA2A595B3B00A5AA9A /* Assets.xcassets in Resources */,
				9EBE40C82A595B3A00A5AA9A /* Main.storyboard in Resources */,
			);
			runOnlyForDeploymentPostprocessing = 0;
		};
/* End PBXResourcesBuildPhase section */

/* Begin PBXSourcesBuildPhase section */
		9EBE40B92A595B3A00A5AA9A /* Sources */ = {
			isa = PBXSourcesBuildPhase;
			buildActionMask = 2147483647;
			files = (
				9EBE40C52A595B3A00A5AA9A /* ViewController.swift in Sources */,
				9EBE40C12A595B3A00A5AA9A /* AppDelegate.swift in Sources */,
				9EBE40D52A595FEA00A5AA9A /* Capital.swift in Sources */,
				9E0509AC2A5AEF3500E35E4B /* WikiViewController.swift in Sources */,
				9EBE40C32A595B3A00A5AA9A /* SceneDelegate.swift in Sources */,
			);
			runOnlyForDeploymentPostprocessing = 0;
		};
/* End PBXSourcesBuildPhase section */

/* Begin PBXVariantGroup section */
		9EBE40C62A595B3A00A5AA9A /* Main.storyboard */ = {
			isa = PBXVariantGroup;
			children = (
				9EBE40C72A595B3A00A5AA9A /* Base */,
			);
			name = Main.storyboard;
			sourceTree = "<group>";
		};
		9EBE40CB2A595B3B00A5AA9A /* LaunchScreen.storyboard */ = {
			isa = PBXVariantGroup;
			children = (
				9EBE40CC2A595B3B00A5AA9A /* Base */,
			);
			name = LaunchScreen.storyboard;
			sourceTree = "<group>";
		};
/* End PBXVariantGroup section */

/* Begin XCBuildConfiguration section */
		9EBE40CF2A595B3B00A5AA9A /* Debug */ = {
			isa = XCBuildConfiguration;
			buildSettings = {
				ALWAYS_SEARCH_USER_PATHS = NO;
				CLANG_ANALYZER_NONNULL = YES;
				CLANG_ANALYZER_NUMBER_OBJECT_CONVERSION = YES_AGGRESSIVE;
				CLANG_CXX_LANGUAGE_STANDARD = "gnu++20";
				CLANG_ENABLE_MODULES = YES;
				CLANG_ENABLE_OBJC_ARC = YES;
				CLANG_ENABLE_OBJC_WEAK = YES;
				CLANG_WARN_BLOCK_CAPTURE_AUTORELEASING = YES;
				CLANG_WARN_BOOL_CONVERSION = YES;
				CLANG_WARN_COMMA = YES;
				CLANG_WARN_CONSTANT_CONVERSION = YES;
				CLANG_WARN_DEPRECATED_OBJC_IMPLEMENTATIONS = YES;
				CLANG_WARN_DIRECT_OBJC_ISA_USAGE = YES_ERROR;
				CLANG_WARN_DOCUMENTATION_COMMENTS = YES;
				CLANG_WARN_EMPTY_BODY = YES;
				CLANG_WARN_ENUM_CONVERSION = YES;
				CLANG_WARN_INFINITE_RECURSION = YES;
				CLANG_WARN_INT_CONVERSION = YES;
				CLANG_WARN_NON_LITERAL_NULL_CONVERSION = YES;
				CLANG_WARN_OBJC_IMPLICIT_RETAIN_SELF = YES;
				CLANG_WARN_OBJC_LITERAL_CONVERSION = YES;
				CLANG_WARN_OBJC_ROOT_CLASS = YES_ERROR;
				CLANG_WARN_QUOTED_INCLUDE_IN_FRAMEWORK_HEADER = YES;
				CLANG_WARN_RANGE_LOOP_ANALYSIS = YES;
				CLANG_WARN_STRICT_PROTOTYPES = YES;
				CLANG_WARN_SUSPICIOUS_MOVE = YES;
				CLANG_WARN_UNGUARDED_AVAILABILITY = YES_AGGRESSIVE;
				CLANG_WARN_UNREACHABLE_CODE = YES;
				CLANG_WARN__DUPLICATE_METHOD_MATCH = YES;
				COPY_PHASE_STRIP = NO;
				DEBUG_INFORMATION_FORMAT = dwarf;
				ENABLE_STRICT_OBJC_MSGSEND = YES;
				ENABLE_TESTABILITY = YES;
				GCC_C_LANGUAGE_STANDARD = gnu11;
				GCC_DYNAMIC_NO_PIC = NO;
				GCC_NO_COMMON_BLOCKS = YES;
				GCC_OPTIMIZATION_LEVEL = 0;
				GCC_PREPROCESSOR_DEFINITIONS = (
					"DEBUG=1",
					"$(inherited)",
				);
				GCC_WARN_64_TO_32_BIT_CONVERSION = YES;
				GCC_WARN_ABOUT_RETURN_TYPE = YES_ERROR;
				GCC_WARN_UNDECLARED_SELECTOR = YES;
				GCC_WARN_UNINITIALIZED_AUTOS = YES_AGGRESSIVE;
				GCC_WARN_UNUSED_FUNCTION = YES;
				GCC_WARN_UNUSED_VARIABLE = YES;
				IPHONEOS_DEPLOYMENT_TARGET = 16.4;
				MTL_ENABLE_DEBUG_INFO = INCLUDE_SOURCE;
				MTL_FAST_MATH = YES;
				ONLY_ACTIVE_ARCH = YES;
				SDKROOT = iphoneos;
				SWIFT_ACTIVE_COMPILATION_CONDITIONS = DEBUG;
				SWIFT_OPTIMIZATION_LEVEL = "-Onone";
			};
			name = Debug;
		};
		9EBE40D02A595B3B00A5AA9A /* Release */ = {
			isa = XCBuildConfiguration;
			buildSettings = {
				ALWAYS_SEARCH_USER_PATHS = NO;
				CLANG_ANALYZER_NONNULL = YES;
				CLANG_ANALYZER_NUMBER_OBJECT_CONVERSION = YES_AGGRESSIVE;
				CLANG_CXX_LANGUAGE_STANDARD = "gnu++20";
				CLANG_ENABLE_MODULES = YES;
				CLANG_ENABLE_OBJC_ARC = YES;
				CLANG_ENABLE_OBJC_WEAK = YES;
				CLANG_WARN_BLOCK_CAPTURE_AUTORELEASING = YES;
				CLANG_WARN_BOOL_CONVERSION = YES;
				CLANG_WARN_COMMA = YES;
				CLANG_WARN_CONSTANT_CONVERSION = YES;
				CLANG_WARN_DEPRECATED_OBJC_IMPLEMENTATIONS = YES;
				CLANG_WARN_DIRECT_OBJC_ISA_USAGE = YES_ERROR;
				CLANG_WARN_DOCUMENTATION_COMMENTS = YES;
				CLANG_WARN_EMPTY_BODY = YES;
				CLANG_WARN_ENUM_CONVERSION = YES;
				CLANG_WARN_INFINITE_RECURSION = YES;
				CLANG_WARN_INT_CONVERSION = YES;
				CLANG_WARN_NON_LITERAL_NULL_CONVERSION = YES;
				CLANG_WARN_OBJC_IMPLICIT_RETAIN_SELF = YES;
				CLANG_WARN_OBJC_LITERAL_CONVERSION = YES;
				CLANG_WARN_OBJC_ROOT_CLASS = YES_ERROR;
				CLANG_WARN_QUOTED_INCLUDE_IN_FRAMEWORK_HEADER = YES;
				CLANG_WARN_RANGE_LOOP_ANALYSIS = YES;
				CLANG_WARN_STRICT_PROTOTYPES = YES;
				CLANG_WARN_SUSPICIOUS_MOVE = YES;
				CLANG_WARN_UNGUARDED_AVAILABILITY = YES_AGGRESSIVE;
				CLANG_WARN_UNREACHABLE_CODE = YES;
				CLANG_WARN__DUPLICATE_METHOD_MATCH = YES;
				COPY_PHASE_STRIP = NO;
				DEBUG_INFORMATION_FORMAT = "dwarf-with-dsym";
				ENABLE_NS_ASSERTIONS = NO;
				ENABLE_STRICT_OBJC_MSGSEND = YES;
				GCC_C_LANGUAGE_STANDARD = gnu11;
				GCC_NO_COMMON_BLOCKS = YES;
				GCC_WARN_64_TO_32_BIT_CONVERSION = YES;
				GCC_WARN_ABOUT_RETURN_TYPE = YES_ERROR;
				GCC_WARN_UNDECLARED_SELECTOR = YES;
				GCC_WARN_UNINITIALIZED_AUTOS = YES_AGGRESSIVE;
				GCC_WARN_UNUSED_FUNCTION = YES;
				GCC_WARN_UNUSED_VARIABLE = YES;
				IPHONEOS_DEPLOYMENT_TARGET = 16.4;
				MTL_ENABLE_DEBUG_INFO = NO;
				MTL_FAST_MATH = YES;
				SDKROOT = iphoneos;
				SWIFT_COMPILATION_MODE = wholemodule;
				SWIFT_OPTIMIZATION_LEVEL = "-O";
				VALIDATE_PRODUCT = YES;
			};
			name = Release;
		};
		9EBE40D22A595B3B00A5AA9A /* Debug */ = {
			isa = XCBuildConfiguration;
			buildSettings = {
				ASSETCATALOG_COMPILER_APPICON_NAME = AppIcon;
				ASSETCATALOG_COMPILER_GLOBAL_ACCENT_COLOR_NAME = AccentColor;
				CODE_SIGN_STYLE = Automatic;
				CURRENT_PROJECT_VERSION = 1;
				DEVELOPMENT_TEAM = KFKP37Q73C;
				GENERATE_INFOPLIST_FILE = YES;
				INFOPLIST_FILE = "Project16-MapKit/Info.plist";
				INFOPLIST_KEY_UIApplicationSupportsIndirectInputEvents = YES;
				INFOPLIST_KEY_UILaunchStoryboardName = LaunchScreen;
				INFOPLIST_KEY_UIMainStoryboardFile = Main;
				INFOPLIST_KEY_UISupportedInterfaceOrientations_iPad = "UIInterfaceOrientationPortrait UIInterfaceOrientationPortraitUpsideDown UIInterfaceOrientationLandscapeLeft UIInterfaceOrientationLandscapeRight";
				INFOPLIST_KEY_UISupportedInterfaceOrientations_iPhone = "UIInterfaceOrientationPortrait UIInterfaceOrientationLandscapeLeft UIInterfaceOrientationLandscapeRight";
				LD_RUNPATH_SEARCH_PATHS = (
					"$(inherited)",
					"@executable_path/Frameworks",
				);
				MARKETING_VERSION = 1.0;
				PRODUCT_BUNDLE_IDENTIFIER = "co.khenbo.Project16-MapKit";
				PRODUCT_NAME = "$(TARGET_NAME)";
				SWIFT_EMIT_LOC_STRINGS = YES;
				SWIFT_VERSION = 5.0;
				TARGETED_DEVICE_FAMILY = "1,2";
			};
			name = Debug;
		};
		9EBE40D32A595B3B00A5AA9A /* Release */ = {
			isa = XCBuildConfiguration;
			buildSettings = {
				ASSETCATALOG_COMPILER_APPICON_NAME = AppIcon;
				ASSETCATALOG_COMPILER_GLOBAL_ACCENT_COLOR_NAME = AccentColor;
				CODE_SIGN_STYLE = Automatic;
				CURRENT_PROJECT_VERSION = 1;
				DEVELOPMENT_TEAM = KFKP37Q73C;
				GENERATE_INFOPLIST_FILE = YES;
				INFOPLIST_FILE = "Project16-MapKit/Info.plist";
				INFOPLIST_KEY_UIApplicationSupportsIndirectInputEvents = YES;
				INFOPLIST_KEY_UILaunchStoryboardName = LaunchScreen;
				INFOPLIST_KEY_UIMainStoryboardFile = Main;
				INFOPLIST_KEY_UISupportedInterfaceOrientations_iPad = "UIInterfaceOrientationPortrait UIInterfaceOrientationPortraitUpsideDown UIInterfaceOrientationLandscapeLeft UIInterfaceOrientationLandscapeRight";
				INFOPLIST_KEY_UISupportedInterfaceOrientations_iPhone = "UIInterfaceOrientationPortrait UIInterfaceOrientationLandscapeLeft UIInterfaceOrientationLandscapeRight";
				LD_RUNPATH_SEARCH_PATHS = (
					"$(inherited)",
					"@executable_path/Frameworks",
				);
				MARKETING_VERSION = 1.0;
				PRODUCT_BUNDLE_IDENTIFIER = "co.khenbo.Project16-MapKit";
				PRODUCT_NAME = "$(TARGET_NAME)";
				SWIFT_EMIT_LOC_STRINGS = YES;
				SWIFT_VERSION = 5.0;
				TARGETED_DEVICE_FAMILY = "1,2";
			};
			name = Release;
		};
/* End XCBuildConfiguration section */

/* Begin XCConfigurationList section */
		9EBE40B82A595B3A00A5AA9A /* Build configuration list for PBXProject "Project16-MapKit" */ = {
			isa = XCConfigurationList;
			buildConfigurations = (
				9EBE40CF2A595B3B00A5AA9A /* Debug */,
				9EBE40D02A595B3B00A5AA9A /* Release */,
			);
			defaultConfigurationIsVisible = 0;
			defaultConfigurationName = Release;
		};
		9EBE40D12A595B3B00A5AA9A /* Build configuration list for PBXNativeTarget "Project16-MapKit" */ = {
			isa = XCConfigurationList;
			buildConfigurations = (
				9EBE40D22A595B3B00A5AA9A /* Debug */,
				9EBE40D32A595B3B00A5AA9A /* Release */,
			);
			defaultConfigurationIsVisible = 0;
			defaultConfigurationName = Release;
		};
/* End XCConfigurationList section */
	};
	rootObject = 9EBE40B52A595B3A00A5AA9A /* Project object */;
}
