// !$*UTF8*$!
{
	archiveVersion = 1;
	classes = {
	};
	objectVersion = 56;
	objects = {

/* Begin PBXBuildFile section */
		9E6042672A53FEB000DE0728 /* AppDelegate.swift in Sources */ = {isa = PBXBuildFile; fileRef = 9E6042662A53FEB000DE0728 /* AppDelegate.swift */; };
		9E6042692A53FEB000DE0728 /* GameScene.sks in Resources */ = {isa = PBXBuildFile; fileRef = 9E6042682A53FEB000DE0728 /* GameScene.sks */; };
		9E60426D2A53FEB000DE0728 /* GameScene.swift in Sources */ = {isa = PBXBuildFile; fileRef = 9E60426C2A53FEB000DE0728 /* GameScene.swift */; };
		9E60426F2A53FEB000DE0728 /* GameViewController.swift in Sources */ = {isa = PBXBuildFile; fileRef = 9E60426E2A53FEB000DE0728 /* GameViewController.swift */; };
		9E6042722A53FEB000DE0728 /* Main.storyboard in Resources */ = {isa = PBXBuildFile; fileRef = 9E6042702A53FEB000DE0728 /* Main.storyboard */; };
		9E6042742A53FEB100DE0728 /* Assets.xcassets in Resources */ = {isa = PBXBuildFile; fileRef = 9E6042732A53FEB100DE0728 /* Assets.xcassets */; };
		9E6042772A53FEB100DE0728 /* LaunchScreen.storyboard in Resources */ = {isa = PBXBuildFile; fileRef = 9E6042752A53FEB100DE0728 /* LaunchScreen.storyboard */; };
		9E60427F2A53FFBA00DE0728 /* whack.caf in Resources */ = {isa = PBXBuildFile; fileRef = 9E60427D2A53FFBA00DE0728 /* whack.caf */; };
		9E6042802A53FFBA00DE0728 /* whackBad.caf in Resources */ = {isa = PBXBuildFile; fileRef = 9E60427E2A53FFBA00DE0728 /* whackBad.caf */; };
		9E6042822A54F50000DE0728 /* WhackSlot.swift in Sources */ = {isa = PBXBuildFile; fileRef = 9E6042812A54F50000DE0728 /* WhackSlot.swift */; };
		9E6042862A55280200DE0728 /* gameOver.wav in Resources */ = {isa = PBXBuildFile; fileRef = 9E6042852A55280200DE0728 /* gameOver.wav */; };
		9E60428A2A552D0500DE0728 /* smoke.sks in Resources */ = {isa = PBXBuildFile; fileRef = 9E6042892A552D0500DE0728 /* smoke.sks */; };
		9E60428E2A552ED500DE0728 /* spark.sks in Resources */ = {isa = PBXBuildFile; fileRef = 9E60428D2A552ED500DE0728 /* spark.sks */; };
/* End PBXBuildFile section */

/* Begin PBXFileReference section */
		9E6042632A53FEB000DE0728 /* Project14_penguine.app */ = {isa = PBXFileReference; explicitFileType = wrapper.application; includeInIndex = 0; path = Project14_penguine.app; sourceTree = BUILT_PRODUCTS_DIR; };
		9E6042662A53FEB000DE0728 /* AppDelegate.swift */ = {isa = PBXFileReference; lastKnownFileType = sourcecode.swift; path = AppDelegate.swift; sourceTree = "<group>"; };
		9E6042682A53FEB000DE0728 /* GameScene.sks */ = {isa = PBXFileReference; lastKnownFileType = file.sks; path = GameScene.sks; sourceTree = "<group>"; };
		9E60426C2A53FEB000DE0728 /* GameScene.swift */ = {isa = PBXFileReference; lastKnownFileType = sourcecode.swift; path = GameScene.swift; sourceTree = "<group>"; };
		9E60426E2A53FEB000DE0728 /* GameViewController.swift */ = {isa = PBXFileReference; lastKnownFileType = sourcecode.swift; path = GameViewController.swift; sourceTree = "<group>"; };
		9E6042712A53FEB000DE0728 /* Base */ = {isa = PBXFileReference; lastKnownFileType = file.storyboard; name = Base; path = Base.lproj/Main.storyboard; sourceTree = "<group>"; };
		9E6042732A53FEB100DE0728 /* Assets.xcassets */ = {isa = PBXFileReference; lastKnownFileType = folder.assetcatalog; path = Assets.xcassets; sourceTree = "<group>"; };
		9E6042762A53FEB100DE0728 /* Base */ = {isa = PBXFileReference; lastKnownFileType = file.storyboard; name = Base; path = Base.lproj/LaunchScreen.storyboard; sourceTree = "<group>"; };
		9E60427D2A53FFBA00DE0728 /* whack.caf */ = {isa = PBXFileReference; lastKnownFileType = file; path = whack.caf; sourceTree = "<group>"; };
		9E60427E2A53FFBA00DE0728 /* whackBad.caf */ = {isa = PBXFileReference; lastKnownFileType = file; path = whackBad.caf; sourceTree = "<group>"; };
		9E6042812A54F50000DE0728 /* WhackSlot.swift */ = {isa = PBXFileReference; lastKnownFileType = sourcecode.swift; path = WhackSlot.swift; sourceTree = "<group>"; };
		9E6042852A55280200DE0728 /* gameOver.wav */ = {isa = PBXFileReference; lastKnownFileType = audio.wav; path = gameOver.wav; sourceTree = "<group>"; };
		9E6042892A552D0500DE0728 /* smoke.sks */ = {isa = PBXFileReference; lastKnownFileType = file.sks; path = smoke.sks; sourceTree = "<group>"; };
		9E60428D2A552ED500DE0728 /* spark.sks */ = {isa = PBXFileReference; lastKnownFileType = file.sks; path = spark.sks; sourceTree = "<group>"; };
/* End PBXFileReference section */

/* Begin PBXFrameworksBuildPhase section */
		9E6042602A53FEB000DE0728 /* Frameworks */ = {
			isa = PBXFrameworksBuildPhase;
			buildActionMask = 2147483647;
			files = (
			);
			runOnlyForDeploymentPostprocessing = 0;
		};
/* End PBXFrameworksBuildPhase section */

/* Begin PBXGroup section */
		9E60425A2A53FEB000DE0728 = {
			isa = PBXGroup;
			children = (
				9E6042652A53FEB000DE0728 /* Project14_penguine */,
				9E6042642A53FEB000DE0728 /* Products */,
			);
			sourceTree = "<group>";
		};
		9E6042642A53FEB000DE0728 /* Products */ = {
			isa = PBXGroup;
			children = (
				9E6042632A53FEB000DE0728 /* Project14_penguine.app */,
			);
			name = Products;
			sourceTree = "<group>";
		};
		9E6042652A53FEB000DE0728 /* Project14_penguine */ = {
			isa = PBXGroup;
			children = (
				9E6042662A53FEB000DE0728 /* AppDelegate.swift */,
				9E6042682A53FEB000DE0728 /* GameScene.sks */,
				9E60426C2A53FEB000DE0728 /* GameScene.swift */,
				9E6042812A54F50000DE0728 /* WhackSlot.swift */,
				9E6042892A552D0500DE0728 /* smoke.sks */,
				9E60428D2A552ED500DE0728 /* spark.sks */,
				9E60426E2A53FEB000DE0728 /* GameViewController.swift */,
				9E6042702A53FEB000DE0728 /* Main.storyboard */,
				9E6042732A53FEB100DE0728 /* Assets.xcassets */,
				9E6042752A53FEB100DE0728 /* LaunchScreen.storyboard */,
				9E60427D2A53FFBA00DE0728 /* whack.caf */,
				9E60427E2A53FFBA00DE0728 /* whackBad.caf */,
				9E6042852A55280200DE0728 /* gameOver.wav */,
			);
			path = Project14_penguine;
			sourceTree = "<group>";
		};
/* End PBXGroup section */

/* Begin PBXNativeTarget section */
		9E6042622A53FEB000DE0728 /* Project14_penguine */ = {
			isa = PBXNativeTarget;
			buildConfigurationList = 9E60427A2A53FEB100DE0728 /* Build configuration list for PBXNativeTarget "Project14_penguine" */;
			buildPhases = (
				9E60425F2A53FEB000DE0728 /* Sources */,
				9E6042602A53FEB000DE0728 /* Frameworks */,
				9E6042612A53FEB000DE0728 /* Resources */,
			);
			buildRules = (
			);
			dependencies = (
			);
			name = Project14_penguine;
			productName = Project14_penguine;
			productReference = 9E6042632A53FEB000DE0728 /* Project14_penguine.app */;
			productType = "com.apple.product-type.application";
		};
/* End PBXNativeTarget section */

/* Begin PBXProject section */
		9E60425B2A53FEB000DE0728 /* Project object */ = {
			isa = PBXProject;
			attributes = {
				BuildIndependentTargetsInParallel = 1;
				LastSwiftUpdateCheck = 1430;
				LastUpgradeCheck = 1430;
				TargetAttributes = {
					9E6042622A53FEB000DE0728 = {
						CreatedOnToolsVersion = 14.3.1;
					};
				};
			};
			buildConfigurationList = 9E60425E2A53FEB000DE0728 /* Build configuration list for PBXProject "Project14_penguine" */;
			compatibilityVersion = "Xcode 14.0";
			developmentRegion = en;
			hasScannedForEncodings = 0;
			knownRegions = (
				en,
				Base,
			);
			mainGroup = 9E60425A2A53FEB000DE0728;
			productRefGroup = 9E6042642A53FEB000DE0728 /* Products */;
			projectDirPath = "";
			projectRoot = "";
			targets = (
				9E6042622A53FEB000DE0728 /* Project14_penguine */,
			);
		};
/* End PBXProject section */

/* Begin PBXResourcesBuildPhase section */
		9E6042612A53FEB000DE0728 /* Resources */ = {
			isa = PBXResourcesBuildPhase;
			buildActionMask = 2147483647;
			files = (
				9E6042722A53FEB000DE0728 /* Main.storyboard in Resources */,
				9E60428E2A552ED500DE0728 /* spark.sks in Resources */,
				9E60427F2A53FFBA00DE0728 /* whack.caf in Resources */,
				9E6042692A53FEB000DE0728 /* GameScene.sks in Resources */,
				9E6042862A55280200DE0728 /* gameOver.wav in Resources */,
				9E6042742A53FEB100DE0728 /* Assets.xcassets in Resources */,
				9E6042772A53FEB100DE0728 /* LaunchScreen.storyboard in Resources */,
				9E6042802A53FFBA00DE0728 /* whackBad.caf in Resources */,
				9E60428A2A552D0500DE0728 /* smoke.sks in Resources */,
			);
			runOnlyForDeploymentPostprocessing = 0;
		};
/* End PBXResourcesBuildPhase section */

/* Begin PBXSourcesBuildPhase section */
		9E60425F2A53FEB000DE0728 /* Sources */ = {
			isa = PBXSourcesBuildPhase;
			buildActionMask = 2147483647;
			files = (
				9E60426D2A53FEB000DE0728 /* GameScene.swift in Sources */,
				9E60426F2A53FEB000DE0728 /* GameViewController.swift in Sources */,
				9E6042822A54F50000DE0728 /* WhackSlot.swift in Sources */,
				9E6042672A53FEB000DE0728 /* AppDelegate.swift in Sources */,
			);
			runOnlyForDeploymentPostprocessing = 0;
		};
/* End PBXSourcesBuildPhase section */

/* Begin PBXVariantGroup section */
		9E6042702A53FEB000DE0728 /* Main.storyboard */ = {
			isa = PBXVariantGroup;
			children = (
				9E6042712A53FEB000DE0728 /* Base */,
			);
			name = Main.storyboard;
			sourceTree = "<group>";
		};
		9E6042752A53FEB100DE0728 /* LaunchScreen.storyboard */ = {
			isa = PBXVariantGroup;
			children = (
				9E6042762A53FEB100DE0728 /* Base */,
			);
			name = LaunchScreen.storyboard;
			sourceTree = "<group>";
		};
/* End PBXVariantGroup section */

/* Begin XCBuildConfiguration section */
		9E6042782A53FEB100DE0728 /* Debug */ = {
			isa = XCBuildConfiguration;
			buildSettings = {
				ALWAYS_SEARCH_USER_PATHS = NO;
				CLANG_ANALYZER_NONNULL = YES;
				CLANG_ANALYZER_NUMBER_OBJECT_CONVERSION = YES_AGGRESSIVE;
				CLANG_CXX_LANGUAGE_STANDARD = "gnu++20";
				CLANG_ENABLE_MODULES = YES;
				CLANG_ENABLE_OBJC_ARC = YES;
				CLANG_ENABLE_OBJC_WEAK = YES;
				CLANG_WARN_BLOCK_CAPTURE_AUTORELEASING = YES;
				CLANG_WARN_BOOL_CONVERSION = YES;
				CLANG_WARN_COMMA = YES;
				CLANG_WARN_CONSTANT_CONVERSION = YES;
				CLANG_WARN_DEPRECATED_OBJC_IMPLEMENTATIONS = YES;
				CLANG_WARN_DIRECT_OBJC_ISA_USAGE = YES_ERROR;
				CLANG_WARN_DOCUMENTATION_COMMENTS = YES;
				CLANG_WARN_EMPTY_BODY = YES;
				CLANG_WARN_ENUM_CONVERSION = YES;
				CLANG_WARN_INFINITE_RECURSION = YES;
				CLANG_WARN_INT_CONVERSION = YES;
				CLANG_WARN_NON_LITERAL_NULL_CONVERSION = YES;
				CLANG_WARN_OBJC_IMPLICIT_RETAIN_SELF = YES;
				CLANG_WARN_OBJC_LITERAL_CONVERSION = YES;
				CLANG_WARN_OBJC_ROOT_CLASS = YES_ERROR;
				CLANG_WARN_QUOTED_INCLUDE_IN_FRAMEWORK_HEADER = YES;
				CLANG_WARN_RANGE_LOOP_ANALYSIS = YES;
				CLANG_WARN_STRICT_PROTOTYPES = YES;
				CLANG_WARN_SUSPICIOUS_MOVE = YES;
				CLANG_WARN_UNGUARDED_AVAILABILITY = YES_AGGRESSIVE;
				CLANG_WARN_UNREACHABLE_CODE = YES;
				CLANG_WARN__DUPLICATE_METHOD_MATCH = YES;
				COPY_PHASE_STRIP = NO;
				DEBUG_INFORMATION_FORMAT = dwarf;
				ENABLE_STRICT_OBJC_MSGSEND = YES;
				ENABLE_TESTABILITY = YES;
				GCC_C_LANGUAGE_STANDARD = gnu11;
				GCC_DYNAMIC_NO_PIC = NO;
				GCC_NO_COMMON_BLOCKS = YES;
				GCC_OPTIMIZATION_LEVEL = 0;
				GCC_PREPROCESSOR_DEFINITIONS = (
					"DEBUG=1",
					"$(inherited)",
				);
				GCC_WARN_64_TO_32_BIT_CONVERSION = YES;
				GCC_WARN_ABOUT_RETURN_TYPE = YES_ERROR;
				GCC_WARN_UNDECLARED_SELECTOR = YES;
				GCC_WARN_UNINITIALIZED_AUTOS = YES_AGGRESSIVE;
				GCC_WARN_UNUSED_FUNCTION = YES;
				GCC_WARN_UNUSED_VARIABLE = YES;
				IPHONEOS_DEPLOYMENT_TARGET = 16.4;
				MTL_ENABLE_DEBUG_INFO = INCLUDE_SOURCE;
				MTL_FAST_MATH = YES;
				ONLY_ACTIVE_ARCH = YES;
				SDKROOT = iphoneos;
				SWIFT_ACTIVE_COMPILATION_CONDITIONS = DEBUG;
				SWIFT_OPTIMIZATION_LEVEL = "-Onone";
			};
			name = Debug;
		};
		9E6042792A53FEB100DE0728 /* Release */ = {
			isa = XCBuildConfiguration;
			buildSettings = {
				ALWAYS_SEARCH_USER_PATHS = NO;
				CLANG_ANALYZER_NONNULL = YES;
				CLANG_ANALYZER_NUMBER_OBJECT_CONVERSION = YES_AGGRESSIVE;
				CLANG_CXX_LANGUAGE_STANDARD = "gnu++20";
				CLANG_ENABLE_MODULES = YES;
				CLANG_ENABLE_OBJC_ARC = YES;
				CLANG_ENABLE_OBJC_WEAK = YES;
				CLANG_WARN_BLOCK_CAPTURE_AUTORELEASING = YES;
				CLANG_WARN_BOOL_CONVERSION = YES;
				CLANG_WARN_COMMA = YES;
				CLANG_WARN_CONSTANT_CONVERSION = YES;
				CLANG_WARN_DEPRECATED_OBJC_IMPLEMENTATIONS = YES;
				CLANG_WARN_DIRECT_OBJC_ISA_USAGE = YES_ERROR;
				CLANG_WARN_DOCUMENTATION_COMMENTS = YES;
				CLANG_WARN_EMPTY_BODY = YES;
				CLANG_WARN_ENUM_CONVERSION = YES;
				CLANG_WARN_INFINITE_RECURSION = YES;
				CLANG_WARN_INT_CONVERSION = YES;
				CLANG_WARN_NON_LITERAL_NULL_CONVERSION = YES;
				CLANG_WARN_OBJC_IMPLICIT_RETAIN_SELF = YES;
				CLANG_WARN_OBJC_LITERAL_CONVERSION = YES;
				CLANG_WARN_OBJC_ROOT_CLASS = YES_ERROR;
				CLANG_WARN_QUOTED_INCLUDE_IN_FRAMEWORK_HEADER = YES;
				CLANG_WARN_RANGE_LOOP_ANALYSIS = YES;
				CLANG_WARN_STRICT_PROTOTYPES = YES;
				CLANG_WARN_SUSPICIOUS_MOVE = YES;
				CLANG_WARN_UNGUARDED_AVAILABILITY = YES_AGGRESSIVE;
				CLANG_WARN_UNREACHABLE_CODE = YES;
				CLANG_WARN__DUPLICATE_METHOD_MATCH = YES;
				COPY_PHASE_STRIP = NO;
				DEBUG_INFORMATION_FORMAT = "dwarf-with-dsym";
				ENABLE_NS_ASSERTIONS = NO;
				ENABLE_STRICT_OBJC_MSGSEND = YES;
				GCC_C_LANGUAGE_STANDARD = gnu11;
				GCC_NO_COMMON_BLOCKS = YES;
				GCC_WARN_64_TO_32_BIT_CONVERSION = YES;
				GCC_WARN_ABOUT_RETURN_TYPE = YES_ERROR;
				GCC_WARN_UNDECLARED_SELECTOR = YES;
				GCC_WARN_UNINITIALIZED_AUTOS = YES_AGGRESSIVE;
				GCC_WARN_UNUSED_FUNCTION = YES;
				GCC_WARN_UNUSED_VARIABLE = YES;
				IPHONEOS_DEPLOYMENT_TARGET = 16.4;
				MTL_ENABLE_DEBUG_INFO = NO;
				MTL_FAST_MATH = YES;
				SDKROOT = iphoneos;
				SWIFT_COMPILATION_MODE = wholemodule;
				SWIFT_OPTIMIZATION_LEVEL = "-O";
				VALIDATE_PRODUCT = YES;
			};
			name = Release;
		};
		9E60427B2A53FEB100DE0728 /* Debug */ = {
			isa = XCBuildConfiguration;
			buildSettings = {
				ASSETCATALOG_COMPILER_APPICON_NAME = AppIcon;
				ASSETCATALOG_COMPILER_GLOBAL_ACCENT_COLOR_NAME = AccentColor;
				CODE_SIGN_STYLE = Automatic;
				CURRENT_PROJECT_VERSION = 1;
				DEVELOPMENT_TEAM = KFKP37Q73C;
				GENERATE_INFOPLIST_FILE = YES;
				INFOPLIST_KEY_UIApplicationSupportsIndirectInputEvents = YES;
				INFOPLIST_KEY_UILaunchStoryboardName = LaunchScreen;
				INFOPLIST_KEY_UIMainStoryboardFile = Main;
				INFOPLIST_KEY_UIStatusBarHidden = YES;
				INFOPLIST_KEY_UISupportedInterfaceOrientations = "UIInterfaceOrientationLandscapeLeft UIInterfaceOrientationLandscapeRight UIInterfaceOrientationPortrait";
				INFOPLIST_KEY_UISupportedInterfaceOrientations_iPad = "UIInterfaceOrientationLandscapeLeft UIInterfaceOrientationLandscapeRight";
				IPHONEOS_DEPLOYMENT_TARGET = 16.0;
				LD_RUNPATH_SEARCH_PATHS = (
					"$(inherited)",
					"@executable_path/Frameworks",
				);
				MARKETING_VERSION = 1.0;
				PRODUCT_BUNDLE_IDENTIFIER = "co.khenbo.Project14-penguine";
				PRODUCT_NAME = "$(TARGET_NAME)";
				SUPPORTED_PLATFORMS = "iphoneos iphonesimulator";
				SUPPORTS_MACCATALYST = NO;
				SUPPORTS_MAC_DESIGNED_FOR_IPHONE_IPAD = NO;
				SWIFT_EMIT_LOC_STRINGS = YES;
				SWIFT_VERSION = 5.0;
				TARGETED_DEVICE_FAMILY = 2;
			};
			name = Debug;
		};
		9E60427C2A53FEB100DE0728 /* Release */ = {
			isa = XCBuildConfiguration;
			buildSettings = {
				ASSETCATALOG_COMPILER_APPICON_NAME = AppIcon;
				ASSETCATALOG_COMPILER_GLOBAL_ACCENT_COLOR_NAME = AccentColor;
				CODE_SIGN_STYLE = Automatic;
				CURRENT_PROJECT_VERSION = 1;
				DEVELOPMENT_TEAM = KFKP37Q73C;
				GENERATE_INFOPLIST_FILE = YES;
				INFOPLIST_KEY_UIApplicationSupportsIndirectInputEvents = YES;
				INFOPLIST_KEY_UILaunchStoryboardName = LaunchScreen;
				INFOPLIST_KEY_UIMainStoryboardFile = Main;
				INFOPLIST_KEY_UIStatusBarHidden = YES;
				INFOPLIST_KEY_UISupportedInterfaceOrientations = "UIInterfaceOrientationLandscapeLeft UIInterfaceOrientationLandscapeRight UIInterfaceOrientationPortrait";
				INFOPLIST_KEY_UISupportedInterfaceOrientations_iPad = "UIInterfaceOrientationLandscapeLeft UIInterfaceOrientationLandscapeRight";
				IPHONEOS_DEPLOYMENT_TARGET = 16.0;
				LD_RUNPATH_SEARCH_PATHS = (
					"$(inherited)",
					"@executable_path/Frameworks",
				);
				MARKETING_VERSION = 1.0;
				PRODUCT_BUNDLE_IDENTIFIER = "co.khenbo.Project14-penguine";
				PRODUCT_NAME = "$(TARGET_NAME)";
				SUPPORTED_PLATFORMS = "iphoneos iphonesimulator";
				SUPPORTS_MACCATALYST = NO;
				SUPPORTS_MAC_DESIGNED_FOR_IPHONE_IPAD = NO;
				SWIFT_EMIT_LOC_STRINGS = YES;
				SWIFT_VERSION = 5.0;
				TARGETED_DEVICE_FAMILY = 2;
			};
			name = Release;
		};
/* End XCBuildConfiguration section */

/* Begin XCConfigurationList section */
		9E60425E2A53FEB000DE0728 /* Build configuration list for PBXProject "Project14_penguine" */ = {
			isa = XCConfigurationList;
			buildConfigurations = (
				9E6042782A53FEB100DE0728 /* Debug */,
				9E6042792A53FEB100DE0728 /* Release */,
			);
			defaultConfigurationIsVisible = 0;
			defaultConfigurationName = Release;
		};
		9E60427A2A53FEB100DE0728 /* Build configuration list for PBXNativeTarget "Project14_penguine" */ = {
			isa = XCConfigurationList;
			buildConfigurations = (
				9E60427B2A53FEB100DE0728 /* Debug */,
				9E60427C2A53FEB100DE0728 /* Release */,
			);
			defaultConfigurationIsVisible = 0;
			defaultConfigurationName = Release;
		};
/* End XCConfigurationList section */
	};
	rootObject = 9E60425B2A53FEB000DE0728 /* Project object */;
}
